// !$*UTF8*$!
{
	archiveVersion = 1;
	classes = {
	};
	objectVersion = 50;
	objects = {

/* Begin PBXBuildFile section */
		1EA34C5F236049A200E1588B /* CellTableViewCell.swift in Sources */ = {isa = PBXBuildFile; fileRef = 1EA34C5E236049A200E1588B /* CellTableViewCell.swift */; };
		AA6156D72356DFE200A3C940 /* ShoppingList.db in Resources */ = {isa = PBXBuildFile; fileRef = AA6156D62356DFE200A3C940 /* ShoppingList.db */; };
		AA9189B72328B7A9005FCF59 /* AppDelegate.swift in Sources */ = {isa = PBXBuildFile; fileRef = AA9189B62328B7A9005FCF59 /* AppDelegate.swift */; };
		AA9189BC2328B7A9005FCF59 /* Main.storyboard in Resources */ = {isa = PBXBuildFile; fileRef = AA9189BA2328B7A9005FCF59 /* Main.storyboard */; };
		AA9189BE2328B7AA005FCF59 /* Assets.xcassets in Resources */ = {isa = PBXBuildFile; fileRef = AA9189BD2328B7AA005FCF59 /* Assets.xcassets */; };
		AA9189C12328B7AA005FCF59 /* LaunchScreen.storyboard in Resources */ = {isa = PBXBuildFile; fileRef = AA9189BF2328B7AA005FCF59 /* LaunchScreen.storyboard */; };
		AA9189CE2328BE61005FCF59 /* ShoppingListViewController.swift in Sources */ = {isa = PBXBuildFile; fileRef = AA9189CD2328BE61005FCF59 /* ShoppingListViewController.swift */; };
		AA9189D02328BE83005FCF59 /* DetailViewController.swift in Sources */ = {isa = PBXBuildFile; fileRef = AA9189CF2328BE83005FCF59 /* DetailViewController.swift */; };
		AA9189D22328BEAA005FCF59 /* AddItemViewController.swift in Sources */ = {isa = PBXBuildFile; fileRef = AA9189D12328BEAA005FCF59 /* AddItemViewController.swift */; };
		AA9189D42328BECC005FCF59 /* SettingsViewController.swift in Sources */ = {isa = PBXBuildFile; fileRef = AA9189D32328BECC005FCF59 /* SettingsViewController.swift */; };
		AA9189D82328BEFD005FCF59 /* ShopItem.swift in Sources */ = {isa = PBXBuildFile; fileRef = AA9189D72328BEFD005FCF59 /* ShopItem.swift */; };
/* End PBXBuildFile section */

/* Begin PBXFileReference section */
		1EA34C5E236049A200E1588B /* CellTableViewCell.swift */ = {isa = PBXFileReference; lastKnownFileType = sourcecode.swift; path = CellTableViewCell.swift; sourceTree = "<group>"; };
		AA6156D62356DFE200A3C940 /* ShoppingList.db */ = {isa = PBXFileReference; lastKnownFileType = file; path = ShoppingList.db; sourceTree = "<group>"; };
		AA9189B32328B7A9005FCF59 /* 5IOSM Assignment.app */ = {isa = PBXFileReference; explicitFileType = wrapper.application; includeInIndex = 0; path = "5IOSM Assignment.app"; sourceTree = BUILT_PRODUCTS_DIR; };
		AA9189B62328B7A9005FCF59 /* AppDelegate.swift */ = {isa = PBXFileReference; lastKnownFileType = sourcecode.swift; path = AppDelegate.swift; sourceTree = "<group>"; };
		AA9189BB2328B7A9005FCF59 /* Base */ = {isa = PBXFileReference; lastKnownFileType = file.storyboard; name = Base; path = Base.lproj/Main.storyboard; sourceTree = "<group>"; };
		AA9189BD2328B7AA005FCF59 /* Assets.xcassets */ = {isa = PBXFileReference; lastKnownFileType = folder.assetcatalog; path = Assets.xcassets; sourceTree = "<group>"; };
		AA9189C02328B7AA005FCF59 /* Base */ = {isa = PBXFileReference; lastKnownFileType = file.storyboard; name = Base; path = Base.lproj/LaunchScreen.storyboard; sourceTree = "<group>"; };
		AA9189C22328B7AA005FCF59 /* Info.plist */ = {isa = PBXFileReference; lastKnownFileType = text.plist.xml; path = Info.plist; sourceTree = "<group>"; };
		AA9189CD2328BE61005FCF59 /* ShoppingListViewController.swift */ = {isa = PBXFileReference; lastKnownFileType = sourcecode.swift; path = ShoppingListViewController.swift; sourceTree = "<group>"; };
		AA9189CF2328BE83005FCF59 /* DetailViewController.swift */ = {isa = PBXFileReference; lastKnownFileType = sourcecode.swift; path = DetailViewController.swift; sourceTree = "<group>"; };
		AA9189D12328BEAA005FCF59 /* AddItemViewController.swift */ = {isa = PBXFileReference; lastKnownFileType = sourcecode.swift; path = AddItemViewController.swift; sourceTree = "<group>"; };
		AA9189D32328BECC005FCF59 /* SettingsViewController.swift */ = {isa = PBXFileReference; lastKnownFileType = sourcecode.swift; path = SettingsViewController.swift; sourceTree = "<group>"; };
		AA9189D72328BEFD005FCF59 /* ShopItem.swift */ = {isa = PBXFileReference; lastKnownFileType = sourcecode.swift; path = ShopItem.swift; sourceTree = "<group>"; };
/* End PBXFileReference section */

/* Begin PBXFrameworksBuildPhase section */
		AA9189B02328B7A9005FCF59 /* Frameworks */ = {
			isa = PBXFrameworksBuildPhase;
			buildActionMask = 2147483647;
			files = (
			);
			runOnlyForDeploymentPostprocessing = 0;
		};
/* End PBXFrameworksBuildPhase section */

/* Begin PBXGroup section */
		AA6156CF2356CE3300A3C940 /* Database */ = {
			isa = PBXGroup;
			children = (
				AA6156D62356DFE200A3C940 /* ShoppingList.db */,
			);
			path = Database;
			sourceTree = "<group>";
		};
		AA9189AA2328B7A9005FCF59 = {
			isa = PBXGroup;
			children = (
				AA9189B52328B7A9005FCF59 /* 5IOSM Assignment */,
				AA9189B42328B7A9005FCF59 /* Products */,
			);
			sourceTree = "<group>";
		};
		AA9189B42328B7A9005FCF59 /* Products */ = {
			isa = PBXGroup;
			children = (
				AA9189B32328B7A9005FCF59 /* 5IOSM Assignment.app */,
			);
			name = Products;
			sourceTree = "<group>";
		};
		AA9189B52328B7A9005FCF59 /* 5IOSM Assignment */ = {
			isa = PBXGroup;
			children = (
				AA6156CF2356CE3300A3C940 /* Database */,
				AA9189D62328BEE7005FCF59 /* Models */,
				AA9189CA2328BCF9005FCF59 /* Storyboards */,
				AA9189C82328BCDF005FCF59 /* Controllers */,
				AA9189B62328B7A9005FCF59 /* AppDelegate.swift */,
				AA9189BD2328B7AA005FCF59 /* Assets.xcassets */,
				AA9189C22328B7AA005FCF59 /* Info.plist */,
			);
			path = "5IOSM Assignment";
			sourceTree = "<group>";
		};
		AA9189C82328BCDF005FCF59 /* Controllers */ = {
			isa = PBXGroup;
			children = (
				AA9189CD2328BE61005FCF59 /* ShoppingListViewController.swift */,
				AA9189CF2328BE83005FCF59 /* DetailViewController.swift */,
				AA9189D12328BEAA005FCF59 /* AddItemViewController.swift */,
				AA9189D32328BECC005FCF59 /* SettingsViewController.swift */,
				1EA34C5E236049A200E1588B /* CellTableViewCell.swift */,
			);
			path = Controllers;
			sourceTree = "<group>";
		};
		AA9189CA2328BCF9005FCF59 /* Storyboards */ = {
			isa = PBXGroup;
			children = (
				AA9189BA2328B7A9005FCF59 /* Main.storyboard */,
				AA9189BF2328B7AA005FCF59 /* LaunchScreen.storyboard */,
			);
			path = Storyboards;
			sourceTree = "<group>";
		};
		AA9189D62328BEE7005FCF59 /* Models */ = {
			isa = PBXGroup;
			children = (
				AA9189D72328BEFD005FCF59 /* ShopItem.swift */,
			);
			path = Models;
			sourceTree = "<group>";
		};
/* End PBXGroup section */

/* Begin PBXNativeTarget section */
		AA9189B22328B7A9005FCF59 /* 5IOSM Assignment */ = {
			isa = PBXNativeTarget;
			buildConfigurationList = AA9189C52328B7AA005FCF59 /* Build configuration list for PBXNativeTarget "5IOSM Assignment" */;
			buildPhases = (
				AA9189AF2328B7A9005FCF59 /* Sources */,
				AA9189B02328B7A9005FCF59 /* Frameworks */,
				AA9189B12328B7A9005FCF59 /* Resources */,
			);
			buildRules = (
			);
			dependencies = (
			);
			name = "5IOSM Assignment";
			productName = "5IOSM Assignment";
			productReference = AA9189B32328B7A9005FCF59 /* 5IOSM Assignment.app */;
			productType = "com.apple.product-type.application";
		};
/* End PBXNativeTarget section */

/* Begin PBXProject section */
		AA9189AB2328B7A9005FCF59 /* Project object */ = {
			isa = PBXProject;
			attributes = {
				LastSwiftUpdateCheck = 1010;
				LastUpgradeCheck = 1010;
				ORGANIZATIONNAME = "Jefferson MARINHO GOMES (001088479)";
				TargetAttributes = {
					AA9189B22328B7A9005FCF59 = {
						CreatedOnToolsVersion = 10.1;
					};
				};
			};
			buildConfigurationList = AA9189AE2328B7A9005FCF59 /* Build configuration list for PBXProject "5IOSM Assignment" */;
			compatibilityVersion = "Xcode 9.3";
			developmentRegion = en;
			hasScannedForEncodings = 0;
			knownRegions = (
				en,
				Base,
			);
			mainGroup = AA9189AA2328B7A9005FCF59;
			productRefGroup = AA9189B42328B7A9005FCF59 /* Products */;
			projectDirPath = "";
			projectRoot = "";
			targets = (
				AA9189B22328B7A9005FCF59 /* 5IOSM Assignment */,
			);
		};
/* End PBXProject section */

/* Begin PBXResourcesBuildPhase section */
		AA9189B12328B7A9005FCF59 /* Resources */ = {
			isa = PBXResourcesBuildPhase;
			buildActionMask = 2147483647;
			files = (
				AA9189C12328B7AA005FCF59 /* LaunchScreen.storyboard in Resources */,
				AA9189BE2328B7AA005FCF59 /* Assets.xcassets in Resources */,
				AA9189BC2328B7A9005FCF59 /* Main.storyboard in Resources */,
				AA6156D72356DFE200A3C940 /* ShoppingList.db in Resources */,
			);
			runOnlyForDeploymentPostprocessing = 0;
		};
/* End PBXResourcesBuildPhase section */

/* Begin PBXSourcesBuildPhase section */
		AA9189AF2328B7A9005FCF59 /* Sources */ = {
			isa = PBXSourcesBuildPhase;
			buildActionMask = 2147483647;
			files = (
				AA9189D02328BE83005FCF59 /* DetailViewController.swift in Sources */,
				AA9189D22328BEAA005FCF59 /* AddItemViewController.swift in Sources */,
				AA9189D82328BEFD005FCF59 /* ShopItem.swift in Sources */,
				AA9189CE2328BE61005FCF59 /* ShoppingListViewController.swift in Sources */,
				AA9189D42328BECC005FCF59 /* SettingsViewController.swift in Sources */,
				AA9189B72328B7A9005FCF59 /* AppDelegate.swift in Sources */,
				1EA34C5F236049A200E1588B /* CellTableViewCell.swift in Sources */,
			);
			runOnlyForDeploymentPostprocessing = 0;
		};
/* End PBXSourcesBuildPhase section */

/* Begin PBXVariantGroup section */
		AA9189BA2328B7A9005FCF59 /* Main.storyboard */ = {
			isa = PBXVariantGroup;
			children = (
				AA9189BB2328B7A9005FCF59 /* Base */,
			);
			name = Main.storyboard;
			sourceTree = "<group>";
		};
		AA9189BF2328B7AA005FCF59 /* LaunchScreen.storyboard */ = {
			isa = PBXVariantGroup;
			children = (
				AA9189C02328B7AA005FCF59 /* Base */,
			);
			name = LaunchScreen.storyboard;
			sourceTree = "<group>";
		};
/* End PBXVariantGroup section */

/* Begin XCBuildConfiguration section */
		AA9189C32328B7AA005FCF59 /* Debug */ = {
			isa = XCBuildConfiguration;
			buildSettings = {
				ALWAYS_SEARCH_USER_PATHS = NO;
				CLANG_ANALYZER_NONNULL = YES;
				CLANG_ANALYZER_NUMBER_OBJECT_CONVERSION = YES_AGGRESSIVE;
				CLANG_CXX_LANGUAGE_STANDARD = "gnu++14";
				CLANG_CXX_LIBRARY = "libc++";
				CLANG_ENABLE_MODULES = YES;
				CLANG_ENABLE_OBJC_ARC = YES;
				CLANG_ENABLE_OBJC_WEAK = YES;
				CLANG_WARN_BLOCK_CAPTURE_AUTORELEASING = YES;
				CLANG_WARN_BOOL_CONVERSION = YES;
				CLANG_WARN_COMMA = YES;
				CLANG_WARN_CONSTANT_CONVERSION = YES;
				CLANG_WARN_DEPRECATED_OBJC_IMPLEMENTATIONS = YES;
				CLANG_WARN_DIRECT_OBJC_ISA_USAGE = YES_ERROR;
				CLANG_WARN_DOCUMENTATION_COMMENTS = YES;
				CLANG_WARN_EMPTY_BODY = YES;
				CLANG_WARN_ENUM_CONVERSION = YES;
				CLANG_WARN_INFINITE_RECURSION = YES;
				CLANG_WARN_INT_CONVERSION = YES;
				CLANG_WARN_NON_LITERAL_NULL_CONVERSION = YES;
				CLANG_WARN_OBJC_IMPLICIT_RETAIN_SELF = YES;
				CLANG_WARN_OBJC_LITERAL_CONVERSION = YES;
				CLANG_WARN_OBJC_ROOT_CLASS = YES_ERROR;
				CLANG_WARN_RANGE_LOOP_ANALYSIS = YES;
				CLANG_WARN_STRICT_PROTOTYPES = YES;
				CLANG_WARN_SUSPICIOUS_MOVE = YES;
				CLANG_WARN_UNGUARDED_AVAILABILITY = YES_AGGRESSIVE;
				CLANG_WARN_UNREACHABLE_CODE = YES;
				CLANG_WARN__DUPLICATE_METHOD_MATCH = YES;
				CODE_SIGN_IDENTITY = "iPhone Developer";
				COPY_PHASE_STRIP = NO;
				DEBUG_INFORMATION_FORMAT = dwarf;
				ENABLE_STRICT_OBJC_MSGSEND = YES;
				ENABLE_TESTABILITY = YES;
				GCC_C_LANGUAGE_STANDARD = gnu11;
				GCC_DYNAMIC_NO_PIC = NO;
				GCC_NO_COMMON_BLOCKS = YES;
				GCC_OPTIMIZATION_LEVEL = 0;
				GCC_PREPROCESSOR_DEFINITIONS = (
					"DEBUG=1",
					"$(inherited)",
				);
				GCC_WARN_64_TO_32_BIT_CONVERSION = YES;
				GCC_WARN_ABOUT_RETURN_TYPE = YES_ERROR;
				GCC_WARN_UNDECLARED_SELECTOR = YES;
				GCC_WARN_UNINITIALIZED_AUTOS = YES_AGGRESSIVE;
				GCC_WARN_UNUSED_FUNCTION = YES;
				GCC_WARN_UNUSED_VARIABLE = YES;
				IPHONEOS_DEPLOYMENT_TARGET = 12.1;
				MTL_ENABLE_DEBUG_INFO = INCLUDE_SOURCE;
				MTL_FAST_MATH = YES;
				ONLY_ACTIVE_ARCH = YES;
				SDKROOT = iphoneos;
				SWIFT_ACTIVE_COMPILATION_CONDITIONS = DEBUG;
				SWIFT_OPTIMIZATION_LEVEL = "-Onone";
			};
			name = Debug;
		};
		AA9189C42328B7AA005FCF59 /* Release */ = {
			isa = XCBuildConfiguration;
			buildSettings = {
				ALWAYS_SEARCH_USER_PATHS = NO;
				CLANG_ANALYZER_NONNULL = YES;
				CLANG_ANALYZER_NUMBER_OBJECT_CONVERSION = YES_AGGRESSIVE;
				CLANG_CXX_LANGUAGE_STANDARD = "gnu++14";
				CLANG_CXX_LIBRARY = "libc++";
				CLANG_ENABLE_MODULES = YES;
				CLANG_ENABLE_OBJC_ARC = YES;
				CLANG_ENABLE_OBJC_WEAK = YES;
				CLANG_WARN_BLOCK_CAPTURE_AUTORELEASING = YES;
				CLANG_WARN_BOOL_CONVERSION = YES;
				CLANG_WARN_COMMA = YES;
				CLANG_WARN_CONSTANT_CONVERSION = YES;
				CLANG_WARN_DEPRECATED_OBJC_IMPLEMENTATIONS = YES;
				CLANG_WARN_DIRECT_OBJC_ISA_USAGE = YES_ERROR;
				CLANG_WARN_DOCUMENTATION_COMMENTS = YES;
				CLANG_WARN_EMPTY_BODY = YES;
				CLANG_WARN_ENUM_CONVERSION = YES;
				CLANG_WARN_INFINITE_RECURSION = YES;
				CLANG_WARN_INT_CONVERSION = YES;
				CLANG_WARN_NON_LITERAL_NULL_CONVERSION = YES;
				CLANG_WARN_OBJC_IMPLICIT_RETAIN_SELF = YES;
				CLANG_WARN_OBJC_LITERAL_CONVERSION = YES;
				CLANG_WARN_OBJC_ROOT_CLASS = YES_ERROR;
				CLANG_WARN_RANGE_LOOP_ANALYSIS = YES;
				CLANG_WARN_STRICT_PROTOTYPES = YES;
				CLANG_WARN_SUSPICIOUS_MOVE = YES;
				CLANG_WARN_UNGUARDED_AVAILABILITY = YES_AGGRESSIVE;
				CLANG_WARN_UNREACHABLE_CODE = YES;
				CLANG_WARN__DUPLICATE_METHOD_MATCH = YES;
				CODE_SIGN_IDENTITY = "iPhone Developer";
				COPY_PHASE_STRIP = NO;
				DEBUG_INFORMATION_FORMAT = "dwarf-with-dsym";
				ENABLE_NS_ASSERTIONS = NO;
				ENABLE_STRICT_OBJC_MSGSEND = YES;
				GCC_C_LANGUAGE_STANDARD = gnu11;
				GCC_NO_COMMON_BLOCKS = YES;
				GCC_WARN_64_TO_32_BIT_CONVERSION = YES;
				GCC_WARN_ABOUT_RETURN_TYPE = YES_ERROR;
				GCC_WARN_UNDECLARED_SELECTOR = YES;
				GCC_WARN_UNINITIALIZED_AUTOS = YES_AGGRESSIVE;
				GCC_WARN_UNUSED_FUNCTION = YES;
				GCC_WARN_UNUSED_VARIABLE = YES;
				IPHONEOS_DEPLOYMENT_TARGET = 12.1;
				MTL_ENABLE_DEBUG_INFO = NO;
				MTL_FAST_MATH = YES;
				SDKROOT = iphoneos;
				SWIFT_COMPILATION_MODE = wholemodule;
				SWIFT_OPTIMIZATION_LEVEL = "-O";
				VALIDATE_PRODUCT = YES;
			};
			name = Release;
		};
		AA9189C62328B7AA005FCF59 /* Debug */ = {
			isa = XCBuildConfiguration;
			buildSettings = {
				ASSETCATALOG_COMPILER_APPICON_NAME = AppIcon;
				CODE_SIGN_STYLE = Automatic;
				INFOPLIST_FILE = "5IOSM Assignment/Info.plist";
				LD_RUNPATH_SEARCH_PATHS = (
					"$(inherited)",
					"@executable_path/Frameworks",
				);
				PRODUCT_BUNDLE_IDENTIFIER = "au.com.tafesa.-IOSM-Assignment";
				PRODUCT_NAME = "$(TARGET_NAME)";
				SWIFT_VERSION = 4.2;
				TARGETED_DEVICE_FAMILY = "1,2";
			};
			name = Debug;
		};
		AA9189C72328B7AA005FCF59 /* Release */ = {
			isa = XCBuildConfiguration;
			buildSettings = {
				ASSETCATALOG_COMPILER_APPICON_NAME = AppIcon;
				CODE_SIGN_STYLE = Automatic;
				INFOPLIST_FILE = "5IOSM Assignment/Info.plist";
				LD_RUNPATH_SEARCH_PATHS = (
					"$(inherited)",
					"@executable_path/Frameworks",
				);
				PRODUCT_BUNDLE_IDENTIFIER = "au.com.tafesa.-IOSM-Assignment";
				PRODUCT_NAME = "$(TARGET_NAME)";
				SWIFT_VERSION = 4.2;
				TARGETED_DEVICE_FAMILY = "1,2";
			};
			name = Release;
		};
/* End XCBuildConfiguration section */

/* Begin XCConfigurationList section */
		AA9189AE2328B7A9005FCF59 /* Build configuration list for PBXProject "5IOSM Assignment" */ = {
			isa = XCConfigurationList;
			buildConfigurations = (
				AA9189C32328B7AA005FCF59 /* Debug */,
				AA9189C42328B7AA005FCF59 /* Release */,
			);
			defaultConfigurationIsVisible = 0;
			defaultConfigurationName = Release;
		};
		AA9189C52328B7AA005FCF59 /* Build configuration list for PBXNativeTarget "5IOSM Assignment" */ = {
			isa = XCConfigurationList;
			buildConfigurations = (
				AA9189C62328B7AA005FCF59 /* Debug */,
				AA9189C72328B7AA005FCF59 /* Release */,
			);
			defaultConfigurationIsVisible = 0;
			defaultConfigurationName = Release;
		};
/* End XCConfigurationList section */
	};
	rootObject = AA9189AB2328B7A9005FCF59 /* Project object */;
}
